
Microsoft Visual Studio Solution File, Format Version 9.00
# Visual Studio 2005
Project("{8BC9CEB8-8B4A-11D0-8D11-00A0C91BC942}") = "http", "http\http.vcproj", "{F9C597F3-A2E5-4AEF-8D19-51111DE50CA8}"
EndProject
Project("{8BC9CEB8-8B4A-11D0-8D11-00A0C91BC942}") = "webserver", "webserver\webserver.vcproj", "{FF467D95-EAE3-48AD-860C-8E3D13EAFE6E}"
EndProject
Global
	GlobalSection(SolutionConfigurationPlatforms) = preSolution
		Debug|Win32 = Debug|Win32
		Release|Win32 = Release|Win32
	EndGlobalSection
	GlobalSection(ProjectConfigurationPlatforms) = postSolution
		{F9C597F3-A2E5-4AEF-8D19-51111DE50CA8}.Debug|Win32.ActiveCfg = Debug|Win32
		{F9C597F3-A2E5-4AEF-8D19-51111DE50CA8}.Debug|Win32.Build.0 = Debug|Win32
		{F9C597F3-A2E5-4AEF-8D19-51111DE50CA8}.Release|Win32.ActiveCfg = Release|Win32
		{F9C597F3-A2E5-4AEF-8D19-51111DE50CA8}.Release|Win32.Build.0 = Release|Win32
		{FF467D95-EAE3-48AD-860C-8E3D13EAFE6E}.Debug|Win32.ActiveCfg = Debug|Win32
		{FF467D95-EAE3-48AD-860C-8E3D13EAFE6E}.Debug|Win32.Build.0 = Debug|Win32
		{FF467D95-EAE3-48AD-860C-8E3D13EAFE6E}.Release|Win32.ActiveCfg = Release|Win32
		{FF467D95-EAE3-48AD-860C-8E3D13EAFE6E}.Release|Win32.Build.0 = Release|Win32
	EndGlobalSection
	GlobalSection(SolutionProperties) = preSolution
		HideSolutionNode = FALSE
	EndGlobalSection
EndGlobal
