
Microsoft Visual Studio Solution File, Format Version 9.00
# Visual Studio 2005
Project("{8BC9CEB8-8B4A-11D0-8D11-00A0C91BC942}") = "ssl_webserver", "ssl_webserver\ssl_webserver.vcproj", "{01106D25-DB3D-48BC-9780-53C0F8E1B966}"
EndProject
Project("{8BC9CEB8-8B4A-11D0-8D11-00A0C91BC942}") = "privkey", "privkey\privkey.vcproj", "{B4E9296E-00FA-4F01-B8A6-6B57910121FD}"
EndProject
Global
	GlobalSection(SolutionConfigurationPlatforms) = preSolution
		Debug|Win32 = Debug|Win32
		Release|Win32 = Release|Win32
	EndGlobalSection
	GlobalSection(ProjectConfigurationPlatforms) = postSolution
		{01106D25-DB3D-48BC-9780-53C0F8E1B966}.Debug|Win32.ActiveCfg = Debug|Win32
		{01106D25-DB3D-48BC-9780-53C0F8E1B966}.Debug|Win32.Build.0 = Debug|Win32
		{01106D25-DB3D-48BC-9780-53C0F8E1B966}.Release|Win32.ActiveCfg = Release|Win32
		{01106D25-DB3D-48BC-9780-53C0F8E1B966}.Release|Win32.Build.0 = Release|Win32
		{B4E9296E-00FA-4F01-B8A6-6B57910121FD}.Debug|Win32.ActiveCfg = Debug|Win32
		{B4E9296E-00FA-4F01-B8A6-6B57910121FD}.Debug|Win32.Build.0 = Debug|Win32
		{B4E9296E-00FA-4F01-B8A6-6B57910121FD}.Release|Win32.ActiveCfg = Release|Win32
		{B4E9296E-00FA-4F01-B8A6-6B57910121FD}.Release|Win32.Build.0 = Release|Win32
	EndGlobalSection
	GlobalSection(SolutionProperties) = preSolution
		HideSolutionNode = FALSE
	EndGlobalSection
EndGlobal
